
Microsoft Visual Studio Solution File, Format Version 12.00
# Visual Studio Version 17
VisualStudioVersion = 17.3.32922.545
MinimumVisualStudioVersion = 10.0.40219.1
Project("{FAE04EC0-301F-11D3-BF4B-00C04F79EFBC}") = "Login-Program", "Login-Program.csproj", "{2AC797AB-EA2D-424A-AAF6-D49D31FE4C0D}"
EndProject
Global
	GlobalSection(SolutionConfigurationPlatforms) = preSolution
		Debug|Any CPU = Debug|Any CPU
		Release|Any CPU = Release|Any CPU
	EndGlobalSection
	GlobalSection(ProjectConfigurationPlatforms) = postSolution
		{2AC797AB-EA2D-424A-AAF6-D49D31FE4C0D}.Debug|Any CPU.ActiveCfg = Debug|Any CPU
		{2AC797AB-EA2D-424A-AAF6-D49D31FE4C0D}.Debug|Any CPU.Build.0 = Debug|Any CPU
		{2AC797AB-EA2D-424A-AAF6-D49D31FE4C0D}.Release|Any CPU.ActiveCfg = Release|Any CPU
		{2AC797AB-EA2D-424A-AAF6-D49D31FE4C0D}.Release|Any CPU.Build.0 = Release|Any CPU
	EndGlobalSection
	GlobalSection(SolutionProperties) = preSolution
		HideSolutionNode = FALSE
	EndGlobalSection
	GlobalSection(ExtensibilityGlobals) = postSolution
		SolutionGuid = {9701B70C-530F-4438-BE5D-CC78F16B29E2}
	EndGlobalSection
EndGlobal
